// !$*UTF8*$!
{
	archiveVersion = 1;
	classes = {
	};
	objectVersion = 56;
	objects = {

/* Begin PBXBuildFile section */
		441992B629B9C09C00A4C3CE /* LogInViewController.swift in Sources */ = {isa = PBXBuildFile; fileRef = 441992B529B9C09C00A4C3CE /* LogInViewController.swift */; };
		441A58B529C4957900909230 /* PostTableViewCell.swift in Sources */ = {isa = PBXBuildFile; fileRef = 441A58B429C4957900909230 /* PostTableViewCell.swift */; };
		4439395729CC88C400E8F712 /* PhotosTableViewCell.swift in Sources */ = {isa = PBXBuildFile; fileRef = 4439395629CC88C400E8F712 /* PhotosTableViewCell.swift */; };
		4439395B29CCA1B300E8F712 /* PhotosModel.swift in Sources */ = {isa = PBXBuildFile; fileRef = 4439395A29CCA1B300E8F712 /* PhotosModel.swift */; };
		446B26C329ACDE800089C298 /* ProfileHeaderView.swift in Sources */ = {isa = PBXBuildFile; fileRef = 446B26C229ACDE800089C298 /* ProfileHeaderView.swift */; };
		446B26C529ACDEDA0089C298 /* ProfileViewController.swift in Sources */ = {isa = PBXBuildFile; fileRef = 446B26C429ACDEDA0089C298 /* ProfileViewController.swift */; };
		447879F529C2008A00C75FE2 /* CustomButtom.swift in Sources */ = {isa = PBXBuildFile; fileRef = 447879F429C2008A00C75FE2 /* CustomButtom.swift */; };
		447879F729C2065700C75FE2 /* CustomTextField.swift in Sources */ = {isa = PBXBuildFile; fileRef = 447879F629C2065700C75FE2 /* CustomTextField.swift */; };
		447D034E29CD7A150059D49D /* PhotoCell.swift in Sources */ = {isa = PBXBuildFile; fileRef = 447D034D29CD7A150059D49D /* PhotoCell.swift */; };
		447D035029CDCDA10059D49D /* PhotosViewController.swift in Sources */ = {isa = PBXBuildFile; fileRef = 447D034F29CDCDA10059D49D /* PhotosViewController.swift */; };
		447D035229CDE9C90059D49D /* PhotosCollectionViewCell.swift in Sources */ = {isa = PBXBuildFile; fileRef = 447D035129CDE9C90059D49D /* PhotosCollectionViewCell.swift */; };
		44D1D482299F8F8C00D1BDC0 /* FeedViewController.swift in Sources */ = {isa = PBXBuildFile; fileRef = 44D1D481299F8F8C00D1BDC0 /* FeedViewController.swift */; };
		44D1D486299F960600D1BDC0 /* PostViewController.swift in Sources */ = {isa = PBXBuildFile; fileRef = 44D1D485299F960600D1BDC0 /* PostViewController.swift */; };
		44D1D488299FB80300D1BDC0 /* InfoViewController.swift in Sources */ = {isa = PBXBuildFile; fileRef = 44D1D487299FB80300D1BDC0 /* InfoViewController.swift */; };
		44D1D48A299FB95500D1BDC0 /* Model.swift in Sources */ = {isa = PBXBuildFile; fileRef = 44D1D489299FB95500D1BDC0 /* Model.swift */; };
		44DD6EB8299F6A16009624B6 /* AppDelegate.swift in Sources */ = {isa = PBXBuildFile; fileRef = 44DD6EB7299F6A16009624B6 /* AppDelegate.swift */; };
		44DD6EBA299F6A16009624B6 /* SceneDelegate.swift in Sources */ = {isa = PBXBuildFile; fileRef = 44DD6EB9299F6A16009624B6 /* SceneDelegate.swift */; };
		44DD6EBC299F6A16009624B6 /* ViewController.swift in Sources */ = {isa = PBXBuildFile; fileRef = 44DD6EBB299F6A16009624B6 /* ViewController.swift */; };
		44DD6EC1299F6A18009624B6 /* Assets.xcassets in Resources */ = {isa = PBXBuildFile; fileRef = 44DD6EC0299F6A18009624B6 /* Assets.xcassets */; };
		44DD6EC4299F6A18009624B6 /* LaunchScreen.storyboard in Resources */ = {isa = PBXBuildFile; fileRef = 44DD6EC2299F6A18009624B6 /* LaunchScreen.storyboard */; };
		44F590DF29DD92DD008DED9A /* StorageService.docc in Sources */ = {isa = PBXBuildFile; fileRef = 44F590DE29DD92DD008DED9A /* StorageService.docc */; };
		44F590E529DD92DE008DED9A /* StorageService.framework in Frameworks */ = {isa = PBXBuildFile; fileRef = 44F590DB29DD92DD008DED9A /* StorageService.framework */; };
		44F590EC29DD92DE008DED9A /* StorageServiceTests.swift in Sources */ = {isa = PBXBuildFile; fileRef = 44F590EB29DD92DE008DED9A /* StorageServiceTests.swift */; };
		44F590ED29DD92DE008DED9A /* StorageService.h in Headers */ = {isa = PBXBuildFile; fileRef = 44F590DD29DD92DD008DED9A /* StorageService.h */; settings = {ATTRIBUTES = (Public, ); }; };
		44F590F029DD92DE008DED9A /* StorageService.framework in Frameworks */ = {isa = PBXBuildFile; fileRef = 44F590DB29DD92DD008DED9A /* StorageService.framework */; };
		44F590F129DD92DE008DED9A /* StorageService.framework in Embed Frameworks */ = {isa = PBXBuildFile; fileRef = 44F590DB29DD92DD008DED9A /* StorageService.framework */; settings = {ATTRIBUTES = (CodeSignOnCopy, RemoveHeadersOnCopy, ); }; };
		44F590F929DD95EA008DED9A /* Post.swift in Sources */ = {isa = PBXBuildFile; fileRef = 441A58B229C4539200909230 /* Post.swift */; };
		557F052729E6BA6A0024523C /* iOSIntPackage in Frameworks */ = {isa = PBXBuildFile; productRef = 557F052629E6BA6A0024523C /* iOSIntPackage */; };
		72005292A94AA0780C856225 /* libPods-StorageService.a in Frameworks */ = {isa = PBXBuildFile; fileRef = FA624FDDCFE9257AA210B90E /* libPods-StorageService.a */; };
		F0710EC5280395591A73D123 /* libPods-Navigation.a in Frameworks */ = {isa = PBXBuildFile; fileRef = C6EC14C3A0C5A0590D35BD24 /* libPods-Navigation.a */; };
/* End PBXBuildFile section */

/* Begin PBXContainerItemProxy section */
		44F590E629DD92DE008DED9A /* PBXContainerItemProxy */ = {
			isa = PBXContainerItemProxy;
			containerPortal = 44DD6EAC299F6A16009624B6 /* Project object */;
			proxyType = 1;
			remoteGlobalIDString = 44F590DA29DD92DD008DED9A;
			remoteInfo = StorageService;
		};
		44F590E829DD92DE008DED9A /* PBXContainerItemProxy */ = {
			isa = PBXContainerItemProxy;
			containerPortal = 44DD6EAC299F6A16009624B6 /* Project object */;
			proxyType = 1;
			remoteGlobalIDString = 44DD6EB3299F6A16009624B6;
			remoteInfo = Navigation;
		};
		44F590EE29DD92DE008DED9A /* PBXContainerItemProxy */ = {
			isa = PBXContainerItemProxy;
			containerPortal = 44DD6EAC299F6A16009624B6 /* Project object */;
			proxyType = 1;
			remoteGlobalIDString = 44F590DA29DD92DD008DED9A;
			remoteInfo = StorageService;
		};
/* End PBXContainerItemProxy section */

/* Begin PBXCopyFilesBuildPhase section */
		44F590F229DD92DE008DED9A /* Embed Frameworks */ = {
			isa = PBXCopyFilesBuildPhase;
			buildActionMask = 2147483647;
			dstPath = "";
			dstSubfolderSpec = 10;
			files = (
				44F590F129DD92DE008DED9A /* StorageService.framework in Embed Frameworks */,
			);
			name = "Embed Frameworks";
			runOnlyForDeploymentPostprocessing = 0;
		};
/* End PBXCopyFilesBuildPhase section */

/* Begin PBXFileReference section */
		152202C3FD7B350A017E84C4 /* Pods-Navigation.release.xcconfig */ = {isa = PBXFileReference; includeInIndex = 1; lastKnownFileType = text.xcconfig; name = "Pods-Navigation.release.xcconfig"; path = "Target Support Files/Pods-Navigation/Pods-Navigation.release.xcconfig"; sourceTree = "<group>"; };
		1F85A1030C7D6267194B069A /* Pods-StorageService.release.xcconfig */ = {isa = PBXFileReference; includeInIndex = 1; lastKnownFileType = text.xcconfig; name = "Pods-StorageService.release.xcconfig"; path = "Target Support Files/Pods-StorageService/Pods-StorageService.release.xcconfig"; sourceTree = "<group>"; };
		441992B529B9C09C00A4C3CE /* LogInViewController.swift */ = {isa = PBXFileReference; lastKnownFileType = sourcecode.swift; path = LogInViewController.swift; sourceTree = "<group>"; };
		441A58B229C4539200909230 /* Post.swift */ = {isa = PBXFileReference; lastKnownFileType = sourcecode.swift; path = Post.swift; sourceTree = "<group>"; };
		441A58B429C4957900909230 /* PostTableViewCell.swift */ = {isa = PBXFileReference; lastKnownFileType = sourcecode.swift; path = PostTableViewCell.swift; sourceTree = "<group>"; };
		4439395629CC88C400E8F712 /* PhotosTableViewCell.swift */ = {isa = PBXFileReference; lastKnownFileType = sourcecode.swift; path = PhotosTableViewCell.swift; sourceTree = "<group>"; };
		4439395A29CCA1B300E8F712 /* PhotosModel.swift */ = {isa = PBXFileReference; lastKnownFileType = sourcecode.swift; path = PhotosModel.swift; sourceTree = "<group>"; };
		446B26C229ACDE800089C298 /* ProfileHeaderView.swift */ = {isa = PBXFileReference; lastKnownFileType = sourcecode.swift; path = ProfileHeaderView.swift; sourceTree = "<group>"; };
		446B26C429ACDEDA0089C298 /* ProfileViewController.swift */ = {isa = PBXFileReference; lastKnownFileType = sourcecode.swift; path = ProfileViewController.swift; sourceTree = "<group>"; };
		447879F429C2008A00C75FE2 /* CustomButtom.swift */ = {isa = PBXFileReference; lastKnownFileType = sourcecode.swift; path = CustomButtom.swift; sourceTree = "<group>"; };
		447879F629C2065700C75FE2 /* CustomTextField.swift */ = {isa = PBXFileReference; lastKnownFileType = sourcecode.swift; path = CustomTextField.swift; sourceTree = "<group>"; };
		447D034D29CD7A150059D49D /* PhotoCell.swift */ = {isa = PBXFileReference; lastKnownFileType = sourcecode.swift; path = PhotoCell.swift; sourceTree = "<group>"; };
		447D034F29CDCDA10059D49D /* PhotosViewController.swift */ = {isa = PBXFileReference; lastKnownFileType = sourcecode.swift; path = PhotosViewController.swift; sourceTree = "<group>"; };
		447D035129CDE9C90059D49D /* PhotosCollectionViewCell.swift */ = {isa = PBXFileReference; lastKnownFileType = sourcecode.swift; path = PhotosCollectionViewCell.swift; sourceTree = "<group>"; };
		44D1D481299F8F8C00D1BDC0 /* FeedViewController.swift */ = {isa = PBXFileReference; lastKnownFileType = sourcecode.swift; path = FeedViewController.swift; sourceTree = "<group>"; };
		44D1D485299F960600D1BDC0 /* PostViewController.swift */ = {isa = PBXFileReference; lastKnownFileType = sourcecode.swift; path = PostViewController.swift; sourceTree = "<group>"; };
		44D1D487299FB80300D1BDC0 /* InfoViewController.swift */ = {isa = PBXFileReference; lastKnownFileType = sourcecode.swift; path = InfoViewController.swift; sourceTree = "<group>"; };
		44D1D489299FB95500D1BDC0 /* Model.swift */ = {isa = PBXFileReference; lastKnownFileType = sourcecode.swift; path = Model.swift; sourceTree = "<group>"; };
		44DD6EB4299F6A16009624B6 /* Navigation.app */ = {isa = PBXFileReference; explicitFileType = wrapper.application; includeInIndex = 0; path = Navigation.app; sourceTree = BUILT_PRODUCTS_DIR; };
		44DD6EB7299F6A16009624B6 /* AppDelegate.swift */ = {isa = PBXFileReference; lastKnownFileType = sourcecode.swift; path = AppDelegate.swift; sourceTree = "<group>"; };
		44DD6EB9299F6A16009624B6 /* SceneDelegate.swift */ = {isa = PBXFileReference; lastKnownFileType = sourcecode.swift; path = SceneDelegate.swift; sourceTree = "<group>"; };
		44DD6EBB299F6A16009624B6 /* ViewController.swift */ = {isa = PBXFileReference; lastKnownFileType = sourcecode.swift; path = ViewController.swift; sourceTree = "<group>"; };
		44DD6EC0299F6A18009624B6 /* Assets.xcassets */ = {isa = PBXFileReference; lastKnownFileType = folder.assetcatalog; path = Assets.xcassets; sourceTree = "<group>"; };
		44DD6EC3299F6A18009624B6 /* Base */ = {isa = PBXFileReference; lastKnownFileType = file.storyboard; name = Base; path = Base.lproj/LaunchScreen.storyboard; sourceTree = "<group>"; };
		44DD6EC5299F6A18009624B6 /* Info.plist */ = {isa = PBXFileReference; lastKnownFileType = text.plist.xml; path = Info.plist; sourceTree = "<group>"; };
		44F590DB29DD92DD008DED9A /* StorageService.framework */ = {isa = PBXFileReference; explicitFileType = wrapper.framework; includeInIndex = 0; path = StorageService.framework; sourceTree = BUILT_PRODUCTS_DIR; };
		44F590DD29DD92DD008DED9A /* StorageService.h */ = {isa = PBXFileReference; lastKnownFileType = sourcecode.c.h; path = StorageService.h; sourceTree = "<group>"; };
		44F590DE29DD92DD008DED9A /* StorageService.docc */ = {isa = PBXFileReference; lastKnownFileType = folder.documentationcatalog; path = StorageService.docc; sourceTree = "<group>"; };
		44F590E429DD92DE008DED9A /* StorageServiceTests.xctest */ = {isa = PBXFileReference; explicitFileType = wrapper.cfbundle; includeInIndex = 0; path = StorageServiceTests.xctest; sourceTree = BUILT_PRODUCTS_DIR; };
		44F590EB29DD92DE008DED9A /* StorageServiceTests.swift */ = {isa = PBXFileReference; lastKnownFileType = sourcecode.swift; path = StorageServiceTests.swift; sourceTree = "<group>"; };
		533688D00FB5E697AF394213 /* Pods-StorageService.debug.xcconfig */ = {isa = PBXFileReference; includeInIndex = 1; lastKnownFileType = text.xcconfig; name = "Pods-StorageService.debug.xcconfig"; path = "Target Support Files/Pods-StorageService/Pods-StorageService.debug.xcconfig"; sourceTree = "<group>"; };
		C6EC14C3A0C5A0590D35BD24 /* libPods-Navigation.a */ = {isa = PBXFileReference; explicitFileType = archive.ar; includeInIndex = 0; path = "libPods-Navigation.a"; sourceTree = BUILT_PRODUCTS_DIR; };
		D8567251E6742D01A9CC88E7 /* Pods-Navigation.debug.xcconfig */ = {isa = PBXFileReference; includeInIndex = 1; lastKnownFileType = text.xcconfig; name = "Pods-Navigation.debug.xcconfig"; path = "Target Support Files/Pods-Navigation/Pods-Navigation.debug.xcconfig"; sourceTree = "<group>"; };
		FA624FDDCFE9257AA210B90E /* libPods-StorageService.a */ = {isa = PBXFileReference; explicitFileType = archive.ar; includeInIndex = 0; path = "libPods-StorageService.a"; sourceTree = BUILT_PRODUCTS_DIR; };
/* End PBXFileReference section */

/* Begin PBXFrameworksBuildPhase section */
		44DD6EB1299F6A16009624B6 /* Frameworks */ = {
			isa = PBXFrameworksBuildPhase;
			buildActionMask = 2147483647;
			files = (
				557F052729E6BA6A0024523C /* iOSIntPackage in Frameworks */,
				44F590F029DD92DE008DED9A /* StorageService.framework in Frameworks */,
				F0710EC5280395591A73D123 /* libPods-Navigation.a in Frameworks */,
			);
			runOnlyForDeploymentPostprocessing = 0;
		};
		44F590D829DD92DD008DED9A /* Frameworks */ = {
			isa = PBXFrameworksBuildPhase;
			buildActionMask = 2147483647;
			files = (
				72005292A94AA0780C856225 /* libPods-StorageService.a in Frameworks */,
			);
			runOnlyForDeploymentPostprocessing = 0;
		};
		44F590E129DD92DE008DED9A /* Frameworks */ = {
			isa = PBXFrameworksBuildPhase;
			buildActionMask = 2147483647;
			files = (
				44F590E529DD92DE008DED9A /* StorageService.framework in Frameworks */,
			);
			runOnlyForDeploymentPostprocessing = 0;
		};
/* End PBXFrameworksBuildPhase section */

/* Begin PBXGroup section */
		0DECD8C600AFFDE6DB7E1F96 /* Pods */ = {
			isa = PBXGroup;
			children = (
				D8567251E6742D01A9CC88E7 /* Pods-Navigation.debug.xcconfig */,
				152202C3FD7B350A017E84C4 /* Pods-Navigation.release.xcconfig */,
				533688D00FB5E697AF394213 /* Pods-StorageService.debug.xcconfig */,
				1F85A1030C7D6267194B069A /* Pods-StorageService.release.xcconfig */,
			);
			path = Pods;
			sourceTree = "<group>";
		};
		4439395829CCA15500E8F712 /* Models */ = {
			isa = PBXGroup;
			children = (
				4439395A29CCA1B300E8F712 /* PhotosModel.swift */,
			);
			path = Models;
			sourceTree = "<group>";
		};
		4439395929CCA17000E8F712 /* Cells */ = {
			isa = PBXGroup;
			children = (
				447D034D29CD7A150059D49D /* PhotoCell.swift */,
				4439395629CC88C400E8F712 /* PhotosTableViewCell.swift */,
				441A58B429C4957900909230 /* PostTableViewCell.swift */,
				447D035129CDE9C90059D49D /* PhotosCollectionViewCell.swift */,
			);
			path = Cells;
			sourceTree = "<group>";
		};
		446B26BF29ACDE200089C298 /* Profile */ = {
			isa = PBXGroup;
			children = (
				446B26C229ACDE800089C298 /* ProfileHeaderView.swift */,
				446B26C429ACDEDA0089C298 /* ProfileViewController.swift */,
				441992B529B9C09C00A4C3CE /* LogInViewController.swift */,
				447879F429C2008A00C75FE2 /* CustomButtom.swift */,
				447879F629C2065700C75FE2 /* CustomTextField.swift */,
				447D034F29CDCDA10059D49D /* PhotosViewController.swift */,
			);
			path = Profile;
			sourceTree = "<group>";
		};
		44DD6EAB299F6A16009624B6 = {
			isa = PBXGroup;
			children = (
				44DD6EB6299F6A16009624B6 /* Navigation */,
				44F590DC29DD92DD008DED9A /* StorageService */,
				44F590EA29DD92DE008DED9A /* StorageServiceTests */,
				44DD6EB5299F6A16009624B6 /* Products */,
				0DECD8C600AFFDE6DB7E1F96 /* Pods */,
				E6386CF5991C1E7A3E7364DD /* Frameworks */,
			);
			sourceTree = "<group>";
		};
		44DD6EB5299F6A16009624B6 /* Products */ = {
			isa = PBXGroup;
			children = (
				44DD6EB4299F6A16009624B6 /* Navigation.app */,
				44F590DB29DD92DD008DED9A /* StorageService.framework */,
				44F590E429DD92DE008DED9A /* StorageServiceTests.xctest */,
			);
			name = Products;
			sourceTree = "<group>";
		};
		44DD6EB6299F6A16009624B6 /* Navigation */ = {
			isa = PBXGroup;
			children = (
				4439395929CCA17000E8F712 /* Cells */,
				4439395829CCA15500E8F712 /* Models */,
				446B26BF29ACDE200089C298 /* Profile */,
				44DD6EB7299F6A16009624B6 /* AppDelegate.swift */,
				44DD6EB9299F6A16009624B6 /* SceneDelegate.swift */,
				44DD6EBB299F6A16009624B6 /* ViewController.swift */,
				44DD6EC0299F6A18009624B6 /* Assets.xcassets */,
				44DD6EC2299F6A18009624B6 /* LaunchScreen.storyboard */,
				44DD6EC5299F6A18009624B6 /* Info.plist */,
				44D1D481299F8F8C00D1BDC0 /* FeedViewController.swift */,
				44D1D485299F960600D1BDC0 /* PostViewController.swift */,
				44D1D487299FB80300D1BDC0 /* InfoViewController.swift */,
				44D1D489299FB95500D1BDC0 /* Model.swift */,
			);
			path = Navigation;
			sourceTree = "<group>";
		};
		44F590DC29DD92DD008DED9A /* StorageService */ = {
			isa = PBXGroup;
			children = (
				441A58B229C4539200909230 /* Post.swift */,
				44F590DD29DD92DD008DED9A /* StorageService.h */,
				44F590DE29DD92DD008DED9A /* StorageService.docc */,
			);
			path = StorageService;
			sourceTree = "<group>";
		};
		44F590EA29DD92DE008DED9A /* StorageServiceTests */ = {
			isa = PBXGroup;
			children = (
				44F590EB29DD92DE008DED9A /* StorageServiceTests.swift */,
			);
			path = StorageServiceTests;
			sourceTree = "<group>";
		};
		E6386CF5991C1E7A3E7364DD /* Frameworks */ = {
			isa = PBXGroup;
			children = (
				C6EC14C3A0C5A0590D35BD24 /* libPods-Navigation.a */,
				FA624FDDCFE9257AA210B90E /* libPods-StorageService.a */,
			);
			name = Frameworks;
			sourceTree = "<group>";
		};
/* End PBXGroup section */

/* Begin PBXHeadersBuildPhase section */
		44F590D629DD92DD008DED9A /* Headers */ = {
			isa = PBXHeadersBuildPhase;
			buildActionMask = 2147483647;
			files = (
				44F590ED29DD92DE008DED9A /* StorageService.h in Headers */,
			);
			runOnlyForDeploymentPostprocessing = 0;
		};
/* End PBXHeadersBuildPhase section */

/* Begin PBXNativeTarget section */
		44DD6EB3299F6A16009624B6 /* Navigation */ = {
			isa = PBXNativeTarget;
			buildConfigurationList = 44DD6EC8299F6A18009624B6 /* Build configuration list for PBXNativeTarget "Navigation" */;
			buildPhases = (
				E340DEAE84D7DFE6261CA8D1 /* [CP] Check Pods Manifest.lock */,
				44DD6EB0299F6A16009624B6 /* Sources */,
				44DD6EB1299F6A16009624B6 /* Frameworks */,
				44DD6EB2299F6A16009624B6 /* Resources */,
				44F590F229DD92DE008DED9A /* Embed Frameworks */,
			);
			buildRules = (
			);
			dependencies = (
				44F590EF29DD92DE008DED9A /* PBXTargetDependency */,
			);
			name = Navigation;
			packageProductDependencies = (
				557F052629E6BA6A0024523C /* iOSIntPackage */,
			);
			productName = Navigation;
			productReference = 44DD6EB4299F6A16009624B6 /* Navigation.app */;
			productType = "com.apple.product-type.application";
		};
		44F590DA29DD92DD008DED9A /* StorageService */ = {
			isa = PBXNativeTarget;
			buildConfigurationList = 44F590F729DD92DE008DED9A /* Build configuration list for PBXNativeTarget "StorageService" */;
			buildPhases = (
				6C1E0E16FCD91D9CFB5D5D9A /* [CP] Check Pods Manifest.lock */,
				44F590D629DD92DD008DED9A /* Headers */,
				44F590D729DD92DD008DED9A /* Sources */,
				44F590D829DD92DD008DED9A /* Frameworks */,
				44F590D929DD92DD008DED9A /* Resources */,
			);
			buildRules = (
			);
			dependencies = (
			);
			name = StorageService;
			productName = StorageService;
			productReference = 44F590DB29DD92DD008DED9A /* StorageService.framework */;
			productType = "com.apple.product-type.framework";
		};
		44F590E329DD92DE008DED9A /* StorageServiceTests */ = {
			isa = PBXNativeTarget;
			buildConfigurationList = 44F590F829DD92DE008DED9A /* Build configuration list for PBXNativeTarget "StorageServiceTests" */;
			buildPhases = (
				44F590E029DD92DE008DED9A /* Sources */,
				44F590E129DD92DE008DED9A /* Frameworks */,
				44F590E229DD92DE008DED9A /* Resources */,
			);
			buildRules = (
			);
			dependencies = (
				44F590E729DD92DE008DED9A /* PBXTargetDependency */,
				44F590E929DD92DE008DED9A /* PBXTargetDependency */,
			);
			name = StorageServiceTests;
			productName = StorageServiceTests;
			productReference = 44F590E429DD92DE008DED9A /* StorageServiceTests.xctest */;
			productType = "com.apple.product-type.bundle.unit-test";
		};
/* End PBXNativeTarget section */

/* Begin PBXProject section */
		44DD6EAC299F6A16009624B6 /* Project object */ = {
			isa = PBXProject;
			attributes = {
				BuildIndependentTargetsInParallel = 1;
				LastSwiftUpdateCheck = 1410;
				LastUpgradeCheck = 1410;
				TargetAttributes = {
					44DD6EB3299F6A16009624B6 = {
						CreatedOnToolsVersion = 14.1;
					};
					44F590DA29DD92DD008DED9A = {
						CreatedOnToolsVersion = 14.1;
					};
					44F590E329DD92DE008DED9A = {
						CreatedOnToolsVersion = 14.1;
						TestTargetID = 44DD6EB3299F6A16009624B6;
					};
				};
			};
			buildConfigurationList = 44DD6EAF299F6A16009624B6 /* Build configuration list for PBXProject "Navigation" */;
			compatibilityVersion = "Xcode 14.0";
			developmentRegion = en;
			hasScannedForEncodings = 0;
			knownRegions = (
				en,
				Base,
			);
			mainGroup = 44DD6EAB299F6A16009624B6;
			packageReferences = (
				557F052529E6BA6A0024523C /* XCRemoteSwiftPackageReference "iOSIntPackage" */,
			);
			productRefGroup = 44DD6EB5299F6A16009624B6 /* Products */;
			projectDirPath = "";
			projectRoot = "";
			targets = (
				44DD6EB3299F6A16009624B6 /* Navigation */,
				44F590DA29DD92DD008DED9A /* StorageService */,
				44F590E329DD92DE008DED9A /* StorageServiceTests */,
			);
		};
/* End PBXProject section */

/* Begin PBXResourcesBuildPhase section */
		44DD6EB2299F6A16009624B6 /* Resources */ = {
			isa = PBXResourcesBuildPhase;
			buildActionMask = 2147483647;
			files = (
				44DD6EC4299F6A18009624B6 /* LaunchScreen.storyboard in Resources */,
				44DD6EC1299F6A18009624B6 /* Assets.xcassets in Resources */,
			);
			runOnlyForDeploymentPostprocessing = 0;
		};
		44F590D929DD92DD008DED9A /* Resources */ = {
			isa = PBXResourcesBuildPhase;
			buildActionMask = 2147483647;
			files = (
			);
			runOnlyForDeploymentPostprocessing = 0;
		};
		44F590E229DD92DE008DED9A /* Resources */ = {
			isa = PBXResourcesBuildPhase;
			buildActionMask = 2147483647;
			files = (
			);
			runOnlyForDeploymentPostprocessing = 0;
		};
/* End PBXResourcesBuildPhase section */

/* Begin PBXShellScriptBuildPhase section */
		6C1E0E16FCD91D9CFB5D5D9A /* [CP] Check Pods Manifest.lock */ = {
			isa = PBXShellScriptBuildPhase;
			buildActionMask = 2147483647;
			files = (
			);
			inputFileListPaths = (
			);
			inputPaths = (
				"${PODS_PODFILE_DIR_PATH}/Podfile.lock",
				"${PODS_ROOT}/Manifest.lock",
			);
			name = "[CP] Check Pods Manifest.lock";
			outputFileListPaths = (
			);
			outputPaths = (
				"$(DERIVED_FILE_DIR)/Pods-StorageService-checkManifestLockResult.txt",
			);
			runOnlyForDeploymentPostprocessing = 0;
			shellPath = /bin/sh;
			shellScript = "diff \"${PODS_PODFILE_DIR_PATH}/Podfile.lock\" \"${PODS_ROOT}/Manifest.lock\" > /dev/null\nif [ $? != 0 ] ; then\n    # print error to STDERR\n    echo \"error: The sandbox is not in sync with the Podfile.lock. Run 'pod install' or update your CocoaPods installation.\" >&2\n    exit 1\nfi\n# This output is used by Xcode 'outputs' to avoid re-running this script phase.\necho \"SUCCESS\" > \"${SCRIPT_OUTPUT_FILE_0}\"\n";
			showEnvVarsInLog = 0;
		};
		E340DEAE84D7DFE6261CA8D1 /* [CP] Check Pods Manifest.lock */ = {
			isa = PBXShellScriptBuildPhase;
			buildActionMask = 2147483647;
			files = (
			);
			inputFileListPaths = (
			);
			inputPaths = (
				"${PODS_PODFILE_DIR_PATH}/Podfile.lock",
				"${PODS_ROOT}/Manifest.lock",
			);
			name = "[CP] Check Pods Manifest.lock";
			outputFileListPaths = (
			);
			outputPaths = (
				"$(DERIVED_FILE_DIR)/Pods-Navigation-checkManifestLockResult.txt",
			);
			runOnlyForDeploymentPostprocessing = 0;
			shellPath = /bin/sh;
			shellScript = "diff \"${PODS_PODFILE_DIR_PATH}/Podfile.lock\" \"${PODS_ROOT}/Manifest.lock\" > /dev/null\nif [ $? != 0 ] ; then\n    # print error to STDERR\n    echo \"error: The sandbox is not in sync with the Podfile.lock. Run 'pod install' or update your CocoaPods installation.\" >&2\n    exit 1\nfi\n# This output is used by Xcode 'outputs' to avoid re-running this script phase.\necho \"SUCCESS\" > \"${SCRIPT_OUTPUT_FILE_0}\"\n";
			showEnvVarsInLog = 0;
		};
/* End PBXShellScriptBuildPhase section */

/* Begin PBXSourcesBuildPhase section */
		44DD6EB0299F6A16009624B6 /* Sources */ = {
			isa = PBXSourcesBuildPhase;
			buildActionMask = 2147483647;
			files = (
				4439395729CC88C400E8F712 /* PhotosTableViewCell.swift in Sources */,
				44D1D486299F960600D1BDC0 /* PostViewController.swift in Sources */,
				44DD6EBC299F6A16009624B6 /* ViewController.swift in Sources */,
				446B26C529ACDEDA0089C298 /* ProfileViewController.swift in Sources */,
				44DD6EB8299F6A16009624B6 /* AppDelegate.swift in Sources */,
				447D034E29CD7A150059D49D /* PhotoCell.swift in Sources */,
				44D1D488299FB80300D1BDC0 /* InfoViewController.swift in Sources */,
				447879F529C2008A00C75FE2 /* CustomButtom.swift in Sources */,
				446B26C329ACDE800089C298 /* ProfileHeaderView.swift in Sources */,
				447D035029CDCDA10059D49D /* PhotosViewController.swift in Sources */,
				441A58B529C4957900909230 /* PostTableViewCell.swift in Sources */,
				44D1D482299F8F8C00D1BDC0 /* FeedViewController.swift in Sources */,
				4439395B29CCA1B300E8F712 /* PhotosModel.swift in Sources */,
				447879F729C2065700C75FE2 /* CustomTextField.swift in Sources */,
				44DD6EBA299F6A16009624B6 /* SceneDelegate.swift in Sources */,
				441992B629B9C09C00A4C3CE /* LogInViewController.swift in Sources */,
				447D035229CDE9C90059D49D /* PhotosCollectionViewCell.swift in Sources */,
				44D1D48A299FB95500D1BDC0 /* Model.swift in Sources */,
			);
			runOnlyForDeploymentPostprocessing = 0;
		};
		44F590D729DD92DD008DED9A /* Sources */ = {
			isa = PBXSourcesBuildPhase;
			buildActionMask = 2147483647;
			files = (
				44F590DF29DD92DD008DED9A /* StorageService.docc in Sources */,
				44F590F929DD95EA008DED9A /* Post.swift in Sources */,
			);
			runOnlyForDeploymentPostprocessing = 0;
		};
		44F590E029DD92DE008DED9A /* Sources */ = {
			isa = PBXSourcesBuildPhase;
			buildActionMask = 2147483647;
			files = (
				44F590EC29DD92DE008DED9A /* StorageServiceTests.swift in Sources */,
			);
			runOnlyForDeploymentPostprocessing = 0;
		};
/* End PBXSourcesBuildPhase section */

/* Begin PBXTargetDependency section */
		44F590E729DD92DE008DED9A /* PBXTargetDependency */ = {
			isa = PBXTargetDependency;
			target = 44F590DA29DD92DD008DED9A /* StorageService */;
			targetProxy = 44F590E629DD92DE008DED9A /* PBXContainerItemProxy */;
		};
		44F590E929DD92DE008DED9A /* PBXTargetDependency */ = {
			isa = PBXTargetDependency;
			target = 44DD6EB3299F6A16009624B6 /* Navigation */;
			targetProxy = 44F590E829DD92DE008DED9A /* PBXContainerItemProxy */;
		};
		44F590EF29DD92DE008DED9A /* PBXTargetDependency */ = {
			isa = PBXTargetDependency;
			target = 44F590DA29DD92DD008DED9A /* StorageService */;
			targetProxy = 44F590EE29DD92DE008DED9A /* PBXContainerItemProxy */;
		};
/* End PBXTargetDependency section */

/* Begin PBXVariantGroup section */
		44DD6EC2299F6A18009624B6 /* LaunchScreen.storyboard */ = {
			isa = PBXVariantGroup;
			children = (
				44DD6EC3299F6A18009624B6 /* Base */,
			);
			name = LaunchScreen.storyboard;
			sourceTree = "<group>";
		};
/* End PBXVariantGroup section */

/* Begin XCBuildConfiguration section */
		44DD6EC6299F6A18009624B6 /* Debug */ = {
			isa = XCBuildConfiguration;
			buildSettings = {
				ALWAYS_SEARCH_USER_PATHS = NO;
				CLANG_ANALYZER_NONNULL = YES;
				CLANG_ANALYZER_NUMBER_OBJECT_CONVERSION = YES_AGGRESSIVE;
				CLANG_CXX_LANGUAGE_STANDARD = "gnu++20";
				CLANG_ENABLE_MODULES = YES;
				CLANG_ENABLE_OBJC_ARC = YES;
				CLANG_ENABLE_OBJC_WEAK = YES;
				CLANG_WARN_BLOCK_CAPTURE_AUTORELEASING = YES;
				CLANG_WARN_BOOL_CONVERSION = YES;
				CLANG_WARN_COMMA = YES;
				CLANG_WARN_CONSTANT_CONVERSION = YES;
				CLANG_WARN_DEPRECATED_OBJC_IMPLEMENTATIONS = YES;
				CLANG_WARN_DIRECT_OBJC_ISA_USAGE = YES_ERROR;
				CLANG_WARN_DOCUMENTATION_COMMENTS = YES;
				CLANG_WARN_EMPTY_BODY = YES;
				CLANG_WARN_ENUM_CONVERSION = YES;
				CLANG_WARN_INFINITE_RECURSION = YES;
				CLANG_WARN_INT_CONVERSION = YES;
				CLANG_WARN_NON_LITERAL_NULL_CONVERSION = YES;
				CLANG_WARN_OBJC_IMPLICIT_RETAIN_SELF = YES;
				CLANG_WARN_OBJC_LITERAL_CONVERSION = YES;
				CLANG_WARN_OBJC_ROOT_CLASS = YES_ERROR;
				CLANG_WARN_QUOTED_INCLUDE_IN_FRAMEWORK_HEADER = YES;
				CLANG_WARN_RANGE_LOOP_ANALYSIS = YES;
				CLANG_WARN_STRICT_PROTOTYPES = YES;
				CLANG_WARN_SUSPICIOUS_MOVE = YES;
				CLANG_WARN_UNGUARDED_AVAILABILITY = YES_AGGRESSIVE;
				CLANG_WARN_UNREACHABLE_CODE = YES;
				CLANG_WARN__DUPLICATE_METHOD_MATCH = YES;
				COPY_PHASE_STRIP = NO;
				DEBUG_INFORMATION_FORMAT = dwarf;
				ENABLE_STRICT_OBJC_MSGSEND = YES;
				ENABLE_TESTABILITY = YES;
				GCC_C_LANGUAGE_STANDARD = gnu11;
				GCC_DYNAMIC_NO_PIC = NO;
				GCC_NO_COMMON_BLOCKS = YES;
				GCC_OPTIMIZATION_LEVEL = 0;
				GCC_PREPROCESSOR_DEFINITIONS = (
					"DEBUG=1",
					"$(inherited)",
				);
				GCC_WARN_64_TO_32_BIT_CONVERSION = YES;
				GCC_WARN_ABOUT_RETURN_TYPE = YES_ERROR;
				GCC_WARN_UNDECLARED_SELECTOR = YES;
				GCC_WARN_UNINITIALIZED_AUTOS = YES_AGGRESSIVE;
				GCC_WARN_UNUSED_FUNCTION = YES;
				GCC_WARN_UNUSED_VARIABLE = YES;
				IPHONEOS_DEPLOYMENT_TARGET = 16.1;
				MTL_ENABLE_DEBUG_INFO = INCLUDE_SOURCE;
				MTL_FAST_MATH = YES;
				ONLY_ACTIVE_ARCH = YES;
				SDKROOT = iphoneos;
				SWIFT_ACTIVE_COMPILATION_CONDITIONS = DEBUG;
				SWIFT_OPTIMIZATION_LEVEL = "-Onone";
			};
			name = Debug;
		};
		44DD6EC7299F6A18009624B6 /* Release */ = {
			isa = XCBuildConfiguration;
			buildSettings = {
				ALWAYS_SEARCH_USER_PATHS = NO;
				CLANG_ANALYZER_NONNULL = YES;
				CLANG_ANALYZER_NUMBER_OBJECT_CONVERSION = YES_AGGRESSIVE;
				CLANG_CXX_LANGUAGE_STANDARD = "gnu++20";
				CLANG_ENABLE_MODULES = YES;
				CLANG_ENABLE_OBJC_ARC = YES;
				CLANG_ENABLE_OBJC_WEAK = YES;
				CLANG_WARN_BLOCK_CAPTURE_AUTORELEASING = YES;
				CLANG_WARN_BOOL_CONVERSION = YES;
				CLANG_WARN_COMMA = YES;
				CLANG_WARN_CONSTANT_CONVERSION = YES;
				CLANG_WARN_DEPRECATED_OBJC_IMPLEMENTATIONS = YES;
				CLANG_WARN_DIRECT_OBJC_ISA_USAGE = YES_ERROR;
				CLANG_WARN_DOCUMENTATION_COMMENTS = YES;
				CLANG_WARN_EMPTY_BODY = YES;
				CLANG_WARN_ENUM_CONVERSION = YES;
				CLANG_WARN_INFINITE_RECURSION = YES;
				CLANG_WARN_INT_CONVERSION = YES;
				CLANG_WARN_NON_LITERAL_NULL_CONVERSION = YES;
				CLANG_WARN_OBJC_IMPLICIT_RETAIN_SELF = YES;
				CLANG_WARN_OBJC_LITERAL_CONVERSION = YES;
				CLANG_WARN_OBJC_ROOT_CLASS = YES_ERROR;
				CLANG_WARN_QUOTED_INCLUDE_IN_FRAMEWORK_HEADER = YES;
				CLANG_WARN_RANGE_LOOP_ANALYSIS = YES;
				CLANG_WARN_STRICT_PROTOTYPES = YES;
				CLANG_WARN_SUSPICIOUS_MOVE = YES;
				CLANG_WARN_UNGUARDED_AVAILABILITY = YES_AGGRESSIVE;
				CLANG_WARN_UNREACHABLE_CODE = YES;
				CLANG_WARN__DUPLICATE_METHOD_MATCH = YES;
				COPY_PHASE_STRIP = NO;
				DEBUG_INFORMATION_FORMAT = "dwarf-with-dsym";
				ENABLE_NS_ASSERTIONS = NO;
				ENABLE_STRICT_OBJC_MSGSEND = YES;
				GCC_C_LANGUAGE_STANDARD = gnu11;
				GCC_NO_COMMON_BLOCKS = YES;
				GCC_WARN_64_TO_32_BIT_CONVERSION = YES;
				GCC_WARN_ABOUT_RETURN_TYPE = YES_ERROR;
				GCC_WARN_UNDECLARED_SELECTOR = YES;
				GCC_WARN_UNINITIALIZED_AUTOS = YES_AGGRESSIVE;
				GCC_WARN_UNUSED_FUNCTION = YES;
				GCC_WARN_UNUSED_VARIABLE = YES;
				IPHONEOS_DEPLOYMENT_TARGET = 16.1;
				MTL_ENABLE_DEBUG_INFO = NO;
				MTL_FAST_MATH = YES;
				SDKROOT = iphoneos;
				SWIFT_COMPILATION_MODE = wholemodule;
				SWIFT_OPTIMIZATION_LEVEL = "-O";
				VALIDATE_PRODUCT = YES;
			};
			name = Release;
		};
		44DD6EC9299F6A18009624B6 /* Debug */ = {
			isa = XCBuildConfiguration;
			baseConfigurationReference = D8567251E6742D01A9CC88E7 /* Pods-Navigation.debug.xcconfig */;
			buildSettings = {
				ALWAYS_EMBED_SWIFT_STANDARD_LIBRARIES = YES;
				ASSETCATALOG_COMPILER_APPICON_NAME = AppIcon;
				ASSETCATALOG_COMPILER_GLOBAL_ACCENT_COLOR_NAME = AccentColor;
				CODE_SIGN_STYLE = Automatic;
				CURRENT_PROJECT_VERSION = 1;
				GENERATE_INFOPLIST_FILE = YES;
				INFOPLIST_FILE = Navigation/Info.plist;
				INFOPLIST_KEY_UIApplicationSupportsIndirectInputEvents = YES;
				INFOPLIST_KEY_UILaunchStoryboardName = LaunchScreen;
				INFOPLIST_KEY_UISupportedInterfaceOrientations_iPad = "UIInterfaceOrientationPortrait UIInterfaceOrientationPortraitUpsideDown UIInterfaceOrientationLandscapeLeft UIInterfaceOrientationLandscapeRight";
				INFOPLIST_KEY_UISupportedInterfaceOrientations_iPhone = "UIInterfaceOrientationPortrait UIInterfaceOrientationLandscapeLeft UIInterfaceOrientationLandscapeRight";
				LD_RUNPATH_SEARCH_PATHS = (
					"$(inherited)",
					"@executable_path/Frameworks",
				);
				MARKETING_VERSION = 1.0;
				PRODUCT_BUNDLE_IDENTIFIER = home.Navigation;
				PRODUCT_NAME = "$(TARGET_NAME)";
				SUPPORTED_PLATFORMS = "iphoneos iphonesimulator";
				SUPPORTS_MACCATALYST = NO;
				SUPPORTS_MAC_DESIGNED_FOR_IPHONE_IPAD = NO;
				SWIFT_EMIT_LOC_STRINGS = YES;
				SWIFT_VERSION = 5.0;
				TARGETED_DEVICE_FAMILY = 1;
			};
			name = Debug;
		};
		44DD6ECA299F6A18009624B6 /* Release */ = {
			isa = XCBuildConfiguration;
			baseConfigurationReference = 152202C3FD7B350A017E84C4 /* Pods-Navigation.release.xcconfig */;
			buildSettings = {
				ALWAYS_EMBED_SWIFT_STANDARD_LIBRARIES = YES;
				ASSETCATALOG_COMPILER_APPICON_NAME = AppIcon;
				ASSETCATALOG_COMPILER_GLOBAL_ACCENT_COLOR_NAME = AccentColor;
				CODE_SIGN_STYLE = Automatic;
				CURRENT_PROJECT_VERSION = 1;
				GENERATE_INFOPLIST_FILE = YES;
				INFOPLIST_FILE = Navigation/Info.plist;
				INFOPLIST_KEY_UIApplicationSupportsIndirectInputEvents = YES;
				INFOPLIST_KEY_UILaunchStoryboardName = LaunchScreen;
				INFOPLIST_KEY_UISupportedInterfaceOrientations_iPad = "UIInterfaceOrientationPortrait UIInterfaceOrientationPortraitUpsideDown UIInterfaceOrientationLandscapeLeft UIInterfaceOrientationLandscapeRight";
				INFOPLIST_KEY_UISupportedInterfaceOrientations_iPhone = "UIInterfaceOrientationPortrait UIInterfaceOrientationLandscapeLeft UIInterfaceOrientationLandscapeRight";
				LD_RUNPATH_SEARCH_PATHS = (
					"$(inherited)",
					"@executable_path/Frameworks",
				);
				MARKETING_VERSION = 1.0;
				PRODUCT_BUNDLE_IDENTIFIER = home.Navigation;
				PRODUCT_NAME = "$(TARGET_NAME)";
				SUPPORTED_PLATFORMS = "iphoneos iphonesimulator";
				SUPPORTS_MACCATALYST = NO;
				SUPPORTS_MAC_DESIGNED_FOR_IPHONE_IPAD = NO;
				SWIFT_EMIT_LOC_STRINGS = YES;
				SWIFT_VERSION = 5.0;
				TARGETED_DEVICE_FAMILY = 1;
			};
			name = Release;
		};
		44F590F329DD92DE008DED9A /* Debug */ = {
			isa = XCBuildConfiguration;
			baseConfigurationReference = 533688D00FB5E697AF394213 /* Pods-StorageService.debug.xcconfig */;
			buildSettings = {
				CODE_SIGN_STYLE = Automatic;
				CURRENT_PROJECT_VERSION = 1;
				DEFINES_MODULE = YES;
				DYLIB_COMPATIBILITY_VERSION = 1;
				DYLIB_CURRENT_VERSION = 1;
				DYLIB_INSTALL_NAME_BASE = "@rpath";
				GENERATE_INFOPLIST_FILE = YES;
				INFOPLIST_KEY_NSHumanReadableCopyright = "";
				INSTALL_PATH = "$(LOCAL_LIBRARY_DIR)/Frameworks";
				LD_RUNPATH_SEARCH_PATHS = (
					"$(inherited)",
					"@executable_path/Frameworks",
					"@loader_path/Frameworks",
				);
				MARKETING_VERSION = 1.0;
				PRODUCT_BUNDLE_IDENTIFIER = com.ekzhitnikov.StorageService;
				PRODUCT_NAME = "$(TARGET_NAME:c99extidentifier)";
				SKIP_INSTALL = YES;
				SWIFT_EMIT_LOC_STRINGS = YES;
				SWIFT_VERSION = 5.0;
				TARGETED_DEVICE_FAMILY = "1,2";
				VERSIONING_SYSTEM = "apple-generic";
				VERSION_INFO_PREFIX = "";
			};
			name = Debug;
		};
		44F590F429DD92DE008DED9A /* Release */ = {
			isa = XCBuildConfiguration;
			baseConfigurationReference = 1F85A1030C7D6267194B069A /* Pods-StorageService.release.xcconfig */;
			buildSettings = {
				CODE_SIGN_STYLE = Automatic;
				CURRENT_PROJECT_VERSION = 1;
				DEFINES_MODULE = YES;
				DYLIB_COMPATIBILITY_VERSION = 1;
				DYLIB_CURRENT_VERSION = 1;
				DYLIB_INSTALL_NAME_BASE = "@rpath";
				GENERATE_INFOPLIST_FILE = YES;
				INFOPLIST_KEY_NSHumanReadableCopyright = "";
				INSTALL_PATH = "$(LOCAL_LIBRARY_DIR)/Frameworks";
				LD_RUNPATH_SEARCH_PATHS = (
					"$(inherited)",
					"@executable_path/Frameworks",
					"@loader_path/Frameworks",
				);
				MARKETING_VERSION = 1.0;
				PRODUCT_BUNDLE_IDENTIFIER = com.ekzhitnikov.StorageService;
				PRODUCT_NAME = "$(TARGET_NAME:c99extidentifier)";
				SKIP_INSTALL = YES;
				SWIFT_EMIT_LOC_STRINGS = YES;
				SWIFT_VERSION = 5.0;
				TARGETED_DEVICE_FAMILY = "1,2";
				VERSIONING_SYSTEM = "apple-generic";
				VERSION_INFO_PREFIX = "";
			};
			name = Release;
		};
		44F590F529DD92DE008DED9A /* Debug */ = {
			isa = XCBuildConfiguration;
			buildSettings = {
				ALWAYS_EMBED_SWIFT_STANDARD_LIBRARIES = YES;
				CODE_SIGN_STYLE = Automatic;
				CURRENT_PROJECT_VERSION = 1;
				DEVELOPMENT_TEAM = LJYWUZD2J3;
				GENERATE_INFOPLIST_FILE = YES;
				MARKETING_VERSION = 1.0;
				PRODUCT_BUNDLE_IDENTIFIER = com.ekzhitnikov.StorageServiceTests;
				PRODUCT_NAME = "$(TARGET_NAME)";
				SWIFT_EMIT_LOC_STRINGS = NO;
				SWIFT_VERSION = 5.0;
				TARGETED_DEVICE_FAMILY = "1,2";
				TEST_HOST = "$(BUILT_PRODUCTS_DIR)/Navigation.app/$(BUNDLE_EXECUTABLE_FOLDER_PATH)/Navigation";
			};
			name = Debug;
		};
		44F590F629DD92DE008DED9A /* Release */ = {
			isa = XCBuildConfiguration;
			buildSettings = {
				ALWAYS_EMBED_SWIFT_STANDARD_LIBRARIES = YES;
				CODE_SIGN_STYLE = Automatic;
				CURRENT_PROJECT_VERSION = 1;
				DEVELOPMENT_TEAM = LJYWUZD2J3;
				GENERATE_INFOPLIST_FILE = YES;
				MARKETING_VERSION = 1.0;
				PRODUCT_BUNDLE_IDENTIFIER = com.ekzhitnikov.StorageServiceTests;
				PRODUCT_NAME = "$(TARGET_NAME)";
				SWIFT_EMIT_LOC_STRINGS = NO;
				SWIFT_VERSION = 5.0;
				TARGETED_DEVICE_FAMILY = "1,2";
				TEST_HOST = "$(BUILT_PRODUCTS_DIR)/Navigation.app/$(BUNDLE_EXECUTABLE_FOLDER_PATH)/Navigation";
			};
			name = Release;
		};
/* End XCBuildConfiguration section */

/* Begin XCConfigurationList section */
		44DD6EAF299F6A16009624B6 /* Build configuration list for PBXProject "Navigation" */ = {
			isa = XCConfigurationList;
			buildConfigurations = (
				44DD6EC6299F6A18009624B6 /* Debug */,
				44DD6EC7299F6A18009624B6 /* Release */,
			);
			defaultConfigurationIsVisible = 0;
			defaultConfigurationName = Release;
		};
		44DD6EC8299F6A18009624B6 /* Build configuration list for PBXNativeTarget "Navigation" */ = {
			isa = XCConfigurationList;
			buildConfigurations = (
				44DD6EC9299F6A18009624B6 /* Debug */,
				44DD6ECA299F6A18009624B6 /* Release */,
			);
			defaultConfigurationIsVisible = 0;
			defaultConfigurationName = Release;
		};
		44F590F729DD92DE008DED9A /* Build configuration list for PBXNativeTarget "StorageService" */ = {
			isa = XCConfigurationList;
			buildConfigurations = (
				44F590F329DD92DE008DED9A /* Debug */,
				44F590F429DD92DE008DED9A /* Release */,
			);
			defaultConfigurationIsVisible = 0;
			defaultConfigurationName = Release;
		};
		44F590F829DD92DE008DED9A /* Build configuration list for PBXNativeTarget "StorageServiceTests" */ = {
			isa = XCConfigurationList;
			buildConfigurations = (
				44F590F529DD92DE008DED9A /* Debug */,
				44F590F629DD92DE008DED9A /* Release */,
			);
			defaultConfigurationIsVisible = 0;
			defaultConfigurationName = Release;
		};
/* End XCConfigurationList section */

/* Begin XCRemoteSwiftPackageReference section */
		557F052529E6BA6A0024523C /* XCRemoteSwiftPackageReference "iOSIntPackage" */ = {
			isa = XCRemoteSwiftPackageReference;
			repositoryURL = "https://github.com/TrueMax/iOSIntPackage";
			requirement = {
				kind = upToNextMajorVersion;
				minimumVersion = 2.0.0;
			};
		};
/* End XCRemoteSwiftPackageReference section */

/* Begin XCSwiftPackageProductDependency section */
		557F052629E6BA6A0024523C /* iOSIntPackage */ = {
			isa = XCSwiftPackageProductDependency;
			package = 557F052529E6BA6A0024523C /* XCRemoteSwiftPackageReference "iOSIntPackage" */;
			productName = iOSIntPackage;
		};
/* End XCSwiftPackageProductDependency section */
	};
	rootObject = 44DD6EAC299F6A16009624B6 /* Project object */;
}
